
Microsoft Visual Studio Solution File, Format Version 12.00
# Visual Studio 15
VisualStudioVersion = 15.0.26403.0
MinimumVisualStudioVersion = 10.0.40219.1
Project("{FAE04EC0-301F-11D3-BF4B-00C04F79EFBC}") = "HotelProject", "HotelProject\HotelProject.csproj", "{189CD056-015F-4522-A39E-99186A44F7C4}"
EndProject
Project("{FAE04EC0-301F-11D3-BF4B-00C04F79EFBC}") = "Checker", "Checker\Checker.csproj", "{D3735B53-2245-47C3-AE4E-FF70B1B266FA}"
EndProject
Project("{FAE04EC0-301F-11D3-BF4B-00C04F79EFBC}") = "TestVisualization", "TestVisualization\TestVisualization.csproj", "{BBF49BF7-8479-416C-942C-8E87CB91E217}"
EndProject
Global
	GlobalSection(SolutionConfigurationPlatforms) = preSolution
		Debug|Any CPU = Debug|Any CPU
		Release|Any CPU = Release|Any CPU
	EndGlobalSection
	GlobalSection(ProjectConfigurationPlatforms) = postSolution
		{189CD056-015F-4522-A39E-99186A44F7C4}.Debug|Any CPU.ActiveCfg = Debug|Any CPU
		{189CD056-015F-4522-A39E-99186A44F7C4}.Debug|Any CPU.Build.0 = Debug|Any CPU
		{189CD056-015F-4522-A39E-99186A44F7C4}.Release|Any CPU.ActiveCfg = Release|Any CPU
		{189CD056-015F-4522-A39E-99186A44F7C4}.Release|Any CPU.Build.0 = Release|Any CPU
		{D3735B53-2245-47C3-AE4E-FF70B1B266FA}.Debug|Any CPU.ActiveCfg = Debug|Any CPU
		{D3735B53-2245-47C3-AE4E-FF70B1B266FA}.Debug|Any CPU.Build.0 = Debug|Any CPU
		{D3735B53-2245-47C3-AE4E-FF70B1B266FA}.Release|Any CPU.ActiveCfg = Release|Any CPU
		{D3735B53-2245-47C3-AE4E-FF70B1B266FA}.Release|Any CPU.Build.0 = Release|Any CPU
		{BBF49BF7-8479-416C-942C-8E87CB91E217}.Debug|Any CPU.ActiveCfg = Debug|Any CPU
		{BBF49BF7-8479-416C-942C-8E87CB91E217}.Debug|Any CPU.Build.0 = Debug|Any CPU
		{BBF49BF7-8479-416C-942C-8E87CB91E217}.Release|Any CPU.ActiveCfg = Release|Any CPU
		{BBF49BF7-8479-416C-942C-8E87CB91E217}.Release|Any CPU.Build.0 = Release|Any CPU
	EndGlobalSection
	GlobalSection(SolutionProperties) = preSolution
		HideSolutionNode = FALSE
	EndGlobalSection
EndGlobal
